// !$*UTF8*$!
{
	archiveVersion = 1;
	classes = {
	};
	objectVersion = 46;
	objects = {

/* Begin PBXBuildFile section */
		B443A1891D547F59003D66C5 /* main.m in Sources */ = {isa = PBXBuildFile; fileRef = B443A1881D547F59003D66C5 /* main.m */; };
		B443A18C1D547F59003D66C5 /* AppDelegate.m in Sources */ = {isa = PBXBuildFile; fileRef = B443A18B1D547F59003D66C5 /* AppDelegate.m */; };
		B443A1921D547F59003D66C5 /* Main.storyboard in Resources */ = {isa = PBXBuildFile; fileRef = B443A1901D547F59003D66C5 /* Main.storyboard */; };
		B443A1941D547F59003D66C5 /* Assets.xcassets in Resources */ = {isa = PBXBuildFile; fileRef = B443A1931D547F59003D66C5 /* Assets.xcassets */; };
		B443A1971D547F59003D66C5 /* LaunchScreen.storyboard in Resources */ = {isa = PBXBuildFile; fileRef = B443A1951D547F59003D66C5 /* LaunchScreen.storyboard */; };
		B443A1A21D547F59003D66C5 /* BWObjective_CStudy_iOSTests.m in Sources */ = {isa = PBXBuildFile; fileRef = B443A1A11D547F59003D66C5 /* BWObjective_CStudy_iOSTests.m */; };
		B443A1AD1D547F59003D66C5 /* BWObjective_CStudy_iOSUITests.m in Sources */ = {isa = PBXBuildFile; fileRef = B443A1AC1D547F59003D66C5 /* BWObjective_CStudy_iOSUITests.m */; };
		B44581E61D893DBD00C947F4 /* BWBlockController.m in Sources */ = {isa = PBXBuildFile; fileRef = B44581E51D893DBD00C947F4 /* BWBlockController.m */; };
		B44581EB1D893DFD00C947F4 /* bmtestViewController.m in Sources */ = {isa = PBXBuildFile; fileRef = B44581E81D893DFD00C947F4 /* bmtestViewController.m */; };
		B44581EC1D893DFD00C947F4 /* ViewController.m in Sources */ = {isa = PBXBuildFile; fileRef = B44581EA1D893DFD00C947F4 /* ViewController.m */; };
		B4B8BBD71D6ACC0D008BB3B7 /* BWHomeController.m in Sources */ = {isa = PBXBuildFile; fileRef = B4B8BBD61D6ACC0D008BB3B7 /* BWHomeController.m */; };
		B4B8BBDA1D6ACC1F008BB3B7 /* BWRuntimeController.m in Sources */ = {isa = PBXBuildFile; fileRef = B4B8BBD91D6ACC1F008BB3B7 /* BWRuntimeController.m */; };
		B4B8BBDF1D6AD23C008BB3B7 /* NSObject+BWAdd.m in Sources */ = {isa = PBXBuildFile; fileRef = B4B8BBDE1D6AD23C008BB3B7 /* NSObject+BWAdd.m */; };
		B4B8BBE21D6AE09A008BB3B7 /* UIViewController+BWMethodSwizzling.m in Sources */ = {isa = PBXBuildFile; fileRef = B4B8BBE11D6AE09A008BB3B7 /* UIViewController+BWMethodSwizzling.m */; };
		B4B8BBE51D6AE967008BB3B7 /* UIViewController+BWAdd.m in Sources */ = {isa = PBXBuildFile; fileRef = B4B8BBE41D6AE967008BB3B7 /* UIViewController+BWAdd.m */; };
		B4B8BBEA1D6AF0D8008BB3B7 /* BWKVOController.m in Sources */ = {isa = PBXBuildFile; fileRef = B4B8BBE91D6AF0D8008BB3B7 /* BWKVOController.m */; };
		B4B8BBED1D6AF0E3008BB3B7 /* BWKVCController.m in Sources */ = {isa = PBXBuildFile; fileRef = B4B8BBEC1D6AF0E3008BB3B7 /* BWKVCController.m */; };
/* End PBXBuildFile section */

/* Begin PBXContainerItemProxy section */
		B443A19E1D547F59003D66C5 /* PBXContainerItemProxy */ = {
			isa = PBXContainerItemProxy;
			containerPortal = B443A17C1D547F59003D66C5 /* Project object */;
			proxyType = 1;
			remoteGlobalIDString = B443A1831D547F59003D66C5;
			remoteInfo = "BWObjective-CStudy-iOS";
		};
		B443A1A91D547F59003D66C5 /* PBXContainerItemProxy */ = {
			isa = PBXContainerItemProxy;
			containerPortal = B443A17C1D547F59003D66C5 /* Project object */;
			proxyType = 1;
			remoteGlobalIDString = B443A1831D547F59003D66C5;
			remoteInfo = "BWObjective-CStudy-iOS";
		};
/* End PBXContainerItemProxy section */

/* Begin PBXFileReference section */
		B443A1841D547F59003D66C5 /* BWObjective-CStudy-iOS.app */ = {isa = PBXFileReference; explicitFileType = wrapper.application; includeInIndex = 0; path = "BWObjective-CStudy-iOS.app"; sourceTree = BUILT_PRODUCTS_DIR; };
		B443A1881D547F59003D66C5 /* main.m */ = {isa = PBXFileReference; lastKnownFileType = sourcecode.c.objc; path = main.m; sourceTree = "<group>"; };
		B443A18A1D547F59003D66C5 /* AppDelegate.h */ = {isa = PBXFileReference; lastKnownFileType = sourcecode.c.h; path = AppDelegate.h; sourceTree = "<group>"; };
		B443A18B1D547F59003D66C5 /* AppDelegate.m */ = {isa = PBXFileReference; lastKnownFileType = sourcecode.c.objc; path = AppDelegate.m; sourceTree = "<group>"; };
		B443A1911D547F59003D66C5 /* Base */ = {isa = PBXFileReference; lastKnownFileType = file.storyboard; name = Base; path = Base.lproj/Main.storyboard; sourceTree = "<group>"; };
		B443A1931D547F59003D66C5 /* Assets.xcassets */ = {isa = PBXFileReference; lastKnownFileType = folder.assetcatalog; path = Assets.xcassets; sourceTree = "<group>"; };
		B443A1961D547F59003D66C5 /* Base */ = {isa = PBXFileReference; lastKnownFileType = file.storyboard; name = Base; path = Base.lproj/LaunchScreen.storyboard; sourceTree = "<group>"; };
		B443A1981D547F59003D66C5 /* Info.plist */ = {isa = PBXFileReference; lastKnownFileType = text.plist.xml; path = Info.plist; sourceTree = "<group>"; };
		B443A19D1D547F59003D66C5 /* BWObjective-CStudy-iOSTests.xctest */ = {isa = PBXFileReference; explicitFileType = wrapper.cfbundle; includeInIndex = 0; path = "BWObjective-CStudy-iOSTests.xctest"; sourceTree = BUILT_PRODUCTS_DIR; };
		B443A1A11D547F59003D66C5 /* BWObjective_CStudy_iOSTests.m */ = {isa = PBXFileReference; lastKnownFileType = sourcecode.c.objc; path = BWObjective_CStudy_iOSTests.m; sourceTree = "<group>"; };
		B443A1A31D547F59003D66C5 /* Info.plist */ = {isa = PBXFileReference; lastKnownFileType = text.plist.xml; path = Info.plist; sourceTree = "<group>"; };
		B443A1A81D547F59003D66C5 /* BWObjective-CStudy-iOSUITests.xctest */ = {isa = PBXFileReference; explicitFileType = wrapper.cfbundle; includeInIndex = 0; path = "BWObjective-CStudy-iOSUITests.xctest"; sourceTree = BUILT_PRODUCTS_DIR; };
		B443A1AC1D547F59003D66C5 /* BWObjective_CStudy_iOSUITests.m */ = {isa = PBXFileReference; lastKnownFileType = sourcecode.c.objc; path = BWObjective_CStudy_iOSUITests.m; sourceTree = "<group>"; };
		B443A1AE1D547F59003D66C5 /* Info.plist */ = {isa = PBXFileReference; lastKnownFileType = text.plist.xml; path = Info.plist; sourceTree = "<group>"; };
		B44581E41D893DBD00C947F4 /* BWBlockController.h */ = {isa = PBXFileReference; fileEncoding = 4; lastKnownFileType = sourcecode.c.h; path = BWBlockController.h; sourceTree = "<group>"; };
		B44581E51D893DBD00C947F4 /* BWBlockController.m */ = {isa = PBXFileReference; fileEncoding = 4; lastKnownFileType = sourcecode.c.objc; path = BWBlockController.m; sourceTree = "<group>"; };
		B44581E71D893DFD00C947F4 /* bmtestViewController.h */ = {isa = PBXFileReference; fileEncoding = 4; lastKnownFileType = sourcecode.c.h; path = bmtestViewController.h; sourceTree = "<group>"; };
		B44581E81D893DFD00C947F4 /* bmtestViewController.m */ = {isa = PBXFileReference; fileEncoding = 4; lastKnownFileType = sourcecode.c.objc; path = bmtestViewController.m; sourceTree = "<group>"; };
		B44581E91D893DFD00C947F4 /* ViewController.h */ = {isa = PBXFileReference; fileEncoding = 4; lastKnownFileType = sourcecode.c.h; path = ViewController.h; sourceTree = "<group>"; };
		B44581EA1D893DFD00C947F4 /* ViewController.m */ = {isa = PBXFileReference; fileEncoding = 4; lastKnownFileType = sourcecode.c.objc; path = ViewController.m; sourceTree = "<group>"; };
		B4B8BBD51D6ACC0D008BB3B7 /* BWHomeController.h */ = {isa = PBXFileReference; fileEncoding = 4; lastKnownFileType = sourcecode.c.h; path = BWHomeController.h; sourceTree = "<group>"; };
		B4B8BBD61D6ACC0D008BB3B7 /* BWHomeController.m */ = {isa = PBXFileReference; fileEncoding = 4; lastKnownFileType = sourcecode.c.objc; path = BWHomeController.m; sourceTree = "<group>"; };
		B4B8BBD81D6ACC1F008BB3B7 /* BWRuntimeController.h */ = {isa = PBXFileReference; fileEncoding = 4; lastKnownFileType = sourcecode.c.h; path = BWRuntimeController.h; sourceTree = "<group>"; };
		B4B8BBD91D6ACC1F008BB3B7 /* BWRuntimeController.m */ = {isa = PBXFileReference; fileEncoding = 4; lastKnownFileType = sourcecode.c.objc; path = BWRuntimeController.m; sourceTree = "<group>"; };
		B4B8BBDD1D6AD23C008BB3B7 /* NSObject+BWAdd.h */ = {isa = PBXFileReference; fileEncoding = 4; lastKnownFileType = sourcecode.c.h; path = "NSObject+BWAdd.h"; sourceTree = "<group>"; };
		B4B8BBDE1D6AD23C008BB3B7 /* NSObject+BWAdd.m */ = {isa = PBXFileReference; fileEncoding = 4; lastKnownFileType = sourcecode.c.objc; path = "NSObject+BWAdd.m"; sourceTree = "<group>"; };
		B4B8BBE01D6AE09A008BB3B7 /* UIViewController+BWMethodSwizzling.h */ = {isa = PBXFileReference; fileEncoding = 4; lastKnownFileType = sourcecode.c.h; path = "UIViewController+BWMethodSwizzling.h"; sourceTree = "<group>"; };
		B4B8BBE11D6AE09A008BB3B7 /* UIViewController+BWMethodSwizzling.m */ = {isa = PBXFileReference; fileEncoding = 4; lastKnownFileType = sourcecode.c.objc; path = "UIViewController+BWMethodSwizzling.m"; sourceTree = "<group>"; };
		B4B8BBE31D6AE967008BB3B7 /* UIViewController+BWAdd.h */ = {isa = PBXFileReference; fileEncoding = 4; lastKnownFileType = sourcecode.c.h; path = "UIViewController+BWAdd.h"; sourceTree = "<group>"; };
		B4B8BBE41D6AE967008BB3B7 /* UIViewController+BWAdd.m */ = {isa = PBXFileReference; fileEncoding = 4; lastKnownFileType = sourcecode.c.objc; path = "UIViewController+BWAdd.m"; sourceTree = "<group>"; };
		B4B8BBE81D6AF0D8008BB3B7 /* BWKVOController.h */ = {isa = PBXFileReference; fileEncoding = 4; lastKnownFileType = sourcecode.c.h; path = BWKVOController.h; sourceTree = "<group>"; };
		B4B8BBE91D6AF0D8008BB3B7 /* BWKVOController.m */ = {isa = PBXFileReference; fileEncoding = 4; lastKnownFileType = sourcecode.c.objc; path = BWKVOController.m; sourceTree = "<group>"; };
		B4B8BBEB1D6AF0E3008BB3B7 /* BWKVCController.h */ = {isa = PBXFileReference; fileEncoding = 4; lastKnownFileType = sourcecode.c.h; path = BWKVCController.h; sourceTree = "<group>"; };
		B4B8BBEC1D6AF0E3008BB3B7 /* BWKVCController.m */ = {isa = PBXFileReference; fileEncoding = 4; lastKnownFileType = sourcecode.c.objc; path = BWKVCController.m; sourceTree = "<group>"; };
/* End PBXFileReference section */

/* Begin PBXFrameworksBuildPhase section */
		B443A1811D547F59003D66C5 /* Frameworks */ = {
			isa = PBXFrameworksBuildPhase;
			buildActionMask = 2147483647;
			files = (
			);
			runOnlyForDeploymentPostprocessing = 0;
		};
		B443A19A1D547F59003D66C5 /* Frameworks */ = {
			isa = PBXFrameworksBuildPhase;
			buildActionMask = 2147483647;
			files = (
			);
			runOnlyForDeploymentPostprocessing = 0;
		};
		B443A1A51D547F59003D66C5 /* Frameworks */ = {
			isa = PBXFrameworksBuildPhase;
			buildActionMask = 2147483647;
			files = (
			);
			runOnlyForDeploymentPostprocessing = 0;
		};
/* End PBXFrameworksBuildPhase section */

/* Begin PBXGroup section */
		B443A17B1D547F59003D66C5 = {
			isa = PBXGroup;
			children = (
				B443A1861D547F59003D66C5 /* BWObjective-CStudy-iOS */,
				B443A1A01D547F59003D66C5 /* BWObjective-CStudy-iOSTests */,
				B443A1AB1D547F59003D66C5 /* BWObjective-CStudy-iOSUITests */,
				B443A1851D547F59003D66C5 /* Products */,
			);
			sourceTree = "<group>";
		};
		B443A1851D547F59003D66C5 /* Products */ = {
			isa = PBXGroup;
			children = (
				B443A1841D547F59003D66C5 /* BWObjective-CStudy-iOS.app */,
				B443A19D1D547F59003D66C5 /* BWObjective-CStudy-iOSTests.xctest */,
				B443A1A81D547F59003D66C5 /* BWObjective-CStudy-iOSUITests.xctest */,
			);
			name = Products;
			sourceTree = "<group>";
		};
		B443A1861D547F59003D66C5 /* BWObjective-CStudy-iOS */ = {
			isa = PBXGroup;
			children = (
				B443A18A1D547F59003D66C5 /* AppDelegate.h */,
				B443A18B1D547F59003D66C5 /* AppDelegate.m */,
				B443A1901D547F59003D66C5 /* Main.storyboard */,
				B4B8BBD21D6ACBB1008BB3B7 /* Controller */,
				B443A1931D547F59003D66C5 /* Assets.xcassets */,
				B443A1871D547F59003D66C5 /* Supporting Files */,
			);
			path = "BWObjective-CStudy-iOS";
			sourceTree = "<group>";
		};
		B443A1871D547F59003D66C5 /* Supporting Files */ = {
			isa = PBXGroup;
			children = (
				B443A1981D547F59003D66C5 /* Info.plist */,
				B443A1951D547F59003D66C5 /* LaunchScreen.storyboard */,
				B443A1881D547F59003D66C5 /* main.m */,
			);
			name = "Supporting Files";
			sourceTree = "<group>";
		};
		B443A1A01D547F59003D66C5 /* BWObjective-CStudy-iOSTests */ = {
			isa = PBXGroup;
			children = (
				B443A1A11D547F59003D66C5 /* BWObjective_CStudy_iOSTests.m */,
				B443A1A31D547F59003D66C5 /* Info.plist */,
			);
			path = "BWObjective-CStudy-iOSTests";
			sourceTree = "<group>";
		};
		B443A1AB1D547F59003D66C5 /* BWObjective-CStudy-iOSUITests */ = {
			isa = PBXGroup;
			children = (
				B443A1AC1D547F59003D66C5 /* BWObjective_CStudy_iOSUITests.m */,
				B443A1AE1D547F59003D66C5 /* Info.plist */,
			);
			path = "BWObjective-CStudy-iOSUITests";
			sourceTree = "<group>";
		};
		B44581E31D893D9600C947F4 /* Block */ = {
			isa = PBXGroup;
			children = (
				B44581E41D893DBD00C947F4 /* BWBlockController.h */,
				B44581E51D893DBD00C947F4 /* BWBlockController.m */,
				B44581E71D893DFD00C947F4 /* bmtestViewController.h */,
				B44581E81D893DFD00C947F4 /* bmtestViewController.m */,
				B44581E91D893DFD00C947F4 /* ViewController.h */,
				B44581EA1D893DFD00C947F4 /* ViewController.m */,
			);
			path = Block;
			sourceTree = "<group>";
		};
		B4B8BBD21D6ACBB1008BB3B7 /* Controller */ = {
			isa = PBXGroup;
			children = (
				B4B8BBD41D6ACBE6008BB3B7 /* Home */,
				B44581E31D893D9600C947F4 /* Block */,
				B4B8BBD31D6ACBD5008BB3B7 /* Runtime */,
				B4B8BBE71D6AF061008BB3B7 /* KVO */,
				B4B8BBE61D6AF061008BB3B7 /* KVC */,
			);
			path = Controller;
			sourceTree = "<group>";
		};
		B4B8BBD31D6ACBD5008BB3B7 /* Runtime */ = {
			isa = PBXGroup;
			children = (
				B4B8BBD81D6ACC1F008BB3B7 /* BWRuntimeController.h */,
				B4B8BBD91D6ACC1F008BB3B7 /* BWRuntimeController.m */,
				B4B8BBDB1D6ACEF1008BB3B7 /* PropertyDynamicBinding */,
				B4B8BBDC1D6AD176008BB3B7 /* Method Swizzling */,
			);
			path = Runtime;
			sourceTree = "<group>";
		};
		B4B8BBD41D6ACBE6008BB3B7 /* Home */ = {
			isa = PBXGroup;
			children = (
				B4B8BBD51D6ACC0D008BB3B7 /* BWHomeController.h */,
				B4B8BBD61D6ACC0D008BB3B7 /* BWHomeController.m */,
			);
			path = Home;
			sourceTree = "<group>";
		};
		B4B8BBDB1D6ACEF1008BB3B7 /* PropertyDynamicBinding */ = {
			isa = PBXGroup;
			children = (
				B4B8BBDD1D6AD23C008BB3B7 /* NSObject+BWAdd.h */,
				B4B8BBDE1D6AD23C008BB3B7 /* NSObject+BWAdd.m */,
			);
			path = PropertyDynamicBinding;
			sourceTree = "<group>";
		};
		B4B8BBDC1D6AD176008BB3B7 /* Method Swizzling */ = {
			isa = PBXGroup;
			children = (
				B4B8BBE01D6AE09A008BB3B7 /* UIViewController+BWMethodSwizzling.h */,
				B4B8BBE11D6AE09A008BB3B7 /* UIViewController+BWMethodSwizzling.m */,
				B4B8BBE31D6AE967008BB3B7 /* UIViewController+BWAdd.h */,
				B4B8BBE41D6AE967008BB3B7 /* UIViewController+BWAdd.m */,
			);
			path = "Method Swizzling";
			sourceTree = "<group>";
		};
		B4B8BBE61D6AF061008BB3B7 /* KVC */ = {
			isa = PBXGroup;
			children = (
				B4B8BBEB1D6AF0E3008BB3B7 /* BWKVCController.h */,
				B4B8BBEC1D6AF0E3008BB3B7 /* BWKVCController.m */,
			);
			path = KVC;
			sourceTree = "<group>";
		};
		B4B8BBE71D6AF061008BB3B7 /* KVO */ = {
			isa = PBXGroup;
			children = (
				B4B8BBE81D6AF0D8008BB3B7 /* BWKVOController.h */,
				B4B8BBE91D6AF0D8008BB3B7 /* BWKVOController.m */,
			);
			path = KVO;
			sourceTree = "<group>";
		};
/* End PBXGroup section */

/* Begin PBXNativeTarget section */
		B443A1831D547F59003D66C5 /* BWObjective-CStudy-iOS */ = {
			isa = PBXNativeTarget;
			buildConfigurationList = B443A1B11D547F59003D66C5 /* Build configuration list for PBXNativeTarget "BWObjective-CStudy-iOS" */;
			buildPhases = (
				B443A1801D547F59003D66C5 /* Sources */,
				B443A1811D547F59003D66C5 /* Frameworks */,
				B443A1821D547F59003D66C5 /* Resources */,
			);
			buildRules = (
			);
			dependencies = (
			);
			name = "BWObjective-CStudy-iOS";
			productName = "BWObjective-CStudy-iOS";
			productReference = B443A1841D547F59003D66C5 /* BWObjective-CStudy-iOS.app */;
			productType = "com.apple.product-type.application";
		};
		B443A19C1D547F59003D66C5 /* BWObjective-CStudy-iOSTests */ = {
			isa = PBXNativeTarget;
			buildConfigurationList = B443A1B41D547F59003D66C5 /* Build configuration list for PBXNativeTarget "BWObjective-CStudy-iOSTests" */;
			buildPhases = (
				B443A1991D547F59003D66C5 /* Sources */,
				B443A19A1D547F59003D66C5 /* Frameworks */,
				B443A19B1D547F59003D66C5 /* Resources */,
			);
			buildRules = (
			);
			dependencies = (
				B443A19F1D547F59003D66C5 /* PBXTargetDependency */,
			);
			name = "BWObjective-CStudy-iOSTests";
			productName = "BWObjective-CStudy-iOSTests";
			productReference = B443A19D1D547F59003D66C5 /* BWObjective-CStudy-iOSTests.xctest */;
			productType = "com.apple.product-type.bundle.unit-test";
		};
		B443A1A71D547F59003D66C5 /* BWObjective-CStudy-iOSUITests */ = {
			isa = PBXNativeTarget;
			buildConfigurationList = B443A1B71D547F59003D66C5 /* Build configuration list for PBXNativeTarget "BWObjective-CStudy-iOSUITests" */;
			buildPhases = (
				B443A1A41D547F59003D66C5 /* Sources */,
				B443A1A51D547F59003D66C5 /* Frameworks */,
				B443A1A61D547F59003D66C5 /* Resources */,
			);
			buildRules = (
			);
			dependencies = (
				B443A1AA1D547F59003D66C5 /* PBXTargetDependency */,
			);
			name = "BWObjective-CStudy-iOSUITests";
			productName = "BWObjective-CStudy-iOSUITests";
			productReference = B443A1A81D547F59003D66C5 /* BWObjective-CStudy-iOSUITests.xctest */;
			productType = "com.apple.product-type.bundle.ui-testing";
		};
/* End PBXNativeTarget section */

/* Begin PBXProject section */
		B443A17C1D547F59003D66C5 /* Project object */ = {
			isa = PBXProject;
			attributes = {
				LastUpgradeCheck = 0730;
				ORGANIZATIONNAME = BobWong;
				TargetAttributes = {
					B443A1831D547F59003D66C5 = {
						CreatedOnToolsVersion = 7.3;
					};
					B443A19C1D547F59003D66C5 = {
						CreatedOnToolsVersion = 7.3;
						TestTargetID = B443A1831D547F59003D66C5;
					};
					B443A1A71D547F59003D66C5 = {
						CreatedOnToolsVersion = 7.3;
						TestTargetID = B443A1831D547F59003D66C5;
					};
				};
			};
			buildConfigurationList = B443A17F1D547F59003D66C5 /* Build configuration list for PBXProject "BWObjective-CStudy-iOS" */;
			compatibilityVersion = "Xcode 3.2";
			developmentRegion = English;
			hasScannedForEncodings = 0;
			knownRegions = (
				en,
				Base,
			);
			mainGroup = B443A17B1D547F59003D66C5;
			productRefGroup = B443A1851D547F59003D66C5 /* Products */;
			projectDirPath = "";
			projectRoot = "";
			targets = (
				B443A1831D547F59003D66C5 /* BWObjective-CStudy-iOS */,
				B443A19C1D547F59003D66C5 /* BWObjective-CStudy-iOSTests */,
				B443A1A71D547F59003D66C5 /* BWObjective-CStudy-iOSUITests */,
			);
		};
/* End PBXProject section */

/* Begin PBXResourcesBuildPhase section */
		B443A1821D547F59003D66C5 /* Resources */ = {
			isa = PBXResourcesBuildPhase;
			buildActionMask = 2147483647;
			files = (
				B443A1971D547F59003D66C5 /* LaunchScreen.storyboard in Resources */,
				B443A1941D547F59003D66C5 /* Assets.xcassets in Resources */,
				B443A1921D547F59003D66C5 /* Main.storyboard in Resources */,
			);
			runOnlyForDeploymentPostprocessing = 0;
		};
		B443A19B1D547F59003D66C5 /* Resources */ = {
			isa = PBXResourcesBuildPhase;
			buildActionMask = 2147483647;
			files = (
			);
			runOnlyForDeploymentPostprocessing = 0;
		};
		B443A1A61D547F59003D66C5 /* Resources */ = {
			isa = PBXResourcesBuildPhase;
			buildActionMask = 2147483647;
			files = (
			);
			runOnlyForDeploymentPostprocessing = 0;
		};
/* End PBXResourcesBuildPhase section */

/* Begin PBXSourcesBuildPhase section */
		B443A1801D547F59003D66C5 /* Sources */ = {
			isa = PBXSourcesBuildPhase;
			buildActionMask = 2147483647;
			files = (
				B4B8BBE51D6AE967008BB3B7 /* UIViewController+BWAdd.m in Sources */,
				B4B8BBEA1D6AF0D8008BB3B7 /* BWKVOController.m in Sources */,
				B4B8BBED1D6AF0E3008BB3B7 /* BWKVCController.m in Sources */,
				B4B8BBE21D6AE09A008BB3B7 /* UIViewController+BWMethodSwizzling.m in Sources */,
				B443A18C1D547F59003D66C5 /* AppDelegate.m in Sources */,
				B4B8BBDA1D6ACC1F008BB3B7 /* BWRuntimeController.m in Sources */,
				B44581EC1D893DFD00C947F4 /* ViewController.m in Sources */,
				B44581EB1D893DFD00C947F4 /* bmtestViewController.m in Sources */,
				B44581E61D893DBD00C947F4 /* BWBlockController.m in Sources */,
				B4B8BBD71D6ACC0D008BB3B7 /* BWHomeController.m in Sources */,
				B443A1891D547F59003D66C5 /* main.m in Sources */,
				B4B8BBDF1D6AD23C008BB3B7 /* NSObject+BWAdd.m in Sources */,
			);
			runOnlyForDeploymentPostprocessing = 0;
		};
		B443A1991D547F59003D66C5 /* Sources */ = {
			isa = PBXSourcesBuildPhase;
			buildActionMask = 2147483647;
			files = (
				B443A1A21D547F59003D66C5 /* BWObjective_CStudy_iOSTests.m in Sources */,
			);
			runOnlyForDeploymentPostprocessing = 0;
		};
		B443A1A41D547F59003D66C5 /* Sources */ = {
			isa = PBXSourcesBuildPhase;
			buildActionMask = 2147483647;
			files = (
				B443A1AD1D547F59003D66C5 /* BWObjective_CStudy_iOSUITests.m in Sources */,
			);
			runOnlyForDeploymentPostprocessing = 0;
		};
/* End PBXSourcesBuildPhase section */

/* Begin PBXTargetDependency section */
		B443A19F1D547F59003D66C5 /* PBXTargetDependency */ = {
			isa = PBXTargetDependency;
			target = B443A1831D547F59003D66C5 /* BWObjective-CStudy-iOS */;
			targetProxy = B443A19E1D547F59003D66C5 /* PBXContainerItemProxy */;
		};
		B443A1AA1D547F59003D66C5 /* PBXTargetDependency */ = {
			isa = PBXTargetDependency;
			target = B443A1831D547F59003D66C5 /* BWObjective-CStudy-iOS */;
			targetProxy = B443A1A91D547F59003D66C5 /* PBXContainerItemProxy */;
		};
/* End PBXTargetDependency section */

/* Begin PBXVariantGroup section */
		B443A1901D547F59003D66C5 /* Main.storyboard */ = {
			isa = PBXVariantGroup;
			children = (
				B443A1911D547F59003D66C5 /* Base */,
			);
			name = Main.storyboard;
			sourceTree = "<group>";
		};
		B443A1951D547F59003D66C5 /* LaunchScreen.storyboard */ = {
			isa = PBXVariantGroup;
			children = (
				B443A1961D547F59003D66C5 /* Base */,
			);
			name = LaunchScreen.storyboard;
			sourceTree = "<group>";
		};
/* End PBXVariantGroup section */

/* Begin XCBuildConfiguration section */
		B443A1AF1D547F59003D66C5 /* Debug */ = {
			isa = XCBuildConfiguration;
			buildSettings = {
				ALWAYS_SEARCH_USER_PATHS = NO;
				CLANG_ANALYZER_NONNULL = YES;
				CLANG_CXX_LANGUAGE_STANDARD = "gnu++0x";
				CLANG_CXX_LIBRARY = "libc++";
				CLANG_ENABLE_MODULES = YES;
				CLANG_ENABLE_OBJC_ARC = YES;
				CLANG_WARN_BOOL_CONVERSION = YES;
				CLANG_WARN_CONSTANT_CONVERSION = YES;
				CLANG_WARN_DIRECT_OBJC_ISA_USAGE = YES_ERROR;
				CLANG_WARN_EMPTY_BODY = YES;
				CLANG_WARN_ENUM_CONVERSION = YES;
				CLANG_WARN_INT_CONVERSION = YES;
				CLANG_WARN_OBJC_ROOT_CLASS = YES_ERROR;
				CLANG_WARN_UNREACHABLE_CODE = YES;
				CLANG_WARN__DUPLICATE_METHOD_MATCH = YES;
				"CODE_SIGN_IDENTITY[sdk=iphoneos*]" = "iPhone Developer";
				COPY_PHASE_STRIP = NO;
				DEBUG_INFORMATION_FORMAT = dwarf;
				ENABLE_STRICT_OBJC_MSGSEND = YES;
				ENABLE_TESTABILITY = YES;
				GCC_C_LANGUAGE_STANDARD = gnu99;
				GCC_DYNAMIC_NO_PIC = NO;
				GCC_NO_COMMON_BLOCKS = YES;
				GCC_OPTIMIZATION_LEVEL = 0;
				GCC_PREPROCESSOR_DEFINITIONS = (
					"DEBUG=1",
					"$(inherited)",
				);
				GCC_WARN_64_TO_32_BIT_CONVERSION = YES;
				GCC_WARN_ABOUT_RETURN_TYPE = YES_ERROR;
				GCC_WARN_UNDECLARED_SELECTOR = YES;
				GCC_WARN_UNINITIALIZED_AUTOS = YES_AGGRESSIVE;
				GCC_WARN_UNUSED_FUNCTION = YES;
				GCC_WARN_UNUSED_VARIABLE = YES;
				IPHONEOS_DEPLOYMENT_TARGET = 9.3;
				MTL_ENABLE_DEBUG_INFO = YES;
				ONLY_ACTIVE_ARCH = YES;
				SDKROOT = iphoneos;
			};
			name = Debug;
		};
		B443A1B01D547F59003D66C5 /* Release */ = {
			isa = XCBuildConfiguration;
			buildSettings = {
				ALWAYS_SEARCH_USER_PATHS = NO;
				CLANG_ANALYZER_NONNULL = YES;
				CLANG_CXX_LANGUAGE_STANDARD = "gnu++0x";
				CLANG_CXX_LIBRARY = "libc++";
				CLANG_ENABLE_MODULES = YES;
				CLANG_ENABLE_OBJC_ARC = YES;
				CLANG_WARN_BOOL_CONVERSION = YES;
				CLANG_WARN_CONSTANT_CONVERSION = YES;
				CLANG_WARN_DIRECT_OBJC_ISA_USAGE = YES_ERROR;
				CLANG_WARN_EMPTY_BODY = YES;
				CLANG_WARN_ENUM_CONVERSION = YES;
				CLANG_WARN_INT_CONVERSION = YES;
				CLANG_WARN_OBJC_ROOT_CLASS = YES_ERROR;
				CLANG_WARN_UNREACHABLE_CODE = YES;
				CLANG_WARN__DUPLICATE_METHOD_MATCH = YES;
				"CODE_SIGN_IDENTITY[sdk=iphoneos*]" = "iPhone Developer";
				COPY_PHASE_STRIP = NO;
				DEBUG_INFORMATION_FORMAT = "dwarf-with-dsym";
				ENABLE_NS_ASSERTIONS = NO;
				ENABLE_STRICT_OBJC_MSGSEND = YES;
				GCC_C_LANGUAGE_STANDARD = gnu99;
				GCC_NO_COMMON_BLOCKS = YES;
				GCC_WARN_64_TO_32_BIT_CONVERSION = YES;
				GCC_WARN_ABOUT_RETURN_TYPE = YES_ERROR;
				GCC_WARN_UNDECLARED_SELECTOR = YES;
				GCC_WARN_UNINITIALIZED_AUTOS = YES_AGGRESSIVE;
				GCC_WARN_UNUSED_FUNCTION = YES;
				GCC_WARN_UNUSED_VARIABLE = YES;
				IPHONEOS_DEPLOYMENT_TARGET = 9.3;
				MTL_ENABLE_DEBUG_INFO = NO;
				SDKROOT = iphoneos;
				VALIDATE_PRODUCT = YES;
			};
			name = Release;
		};
		B443A1B21D547F59003D66C5 /* Debug */ = {
			isa = XCBuildConfiguration;
			buildSettings = {
				ASSETCATALOG_COMPILER_APPICON_NAME = AppIcon;
				INFOPLIST_FILE = "BWObjective-CStudy-iOS/Info.plist";
				IPHONEOS_DEPLOYMENT_TARGET = 7.0;
				LD_RUNPATH_SEARCH_PATHS = "$(inherited) @executable_path/Frameworks";
				PRODUCT_BUNDLE_IDENTIFIER = "com.bws.BWObjective-CStudy-iOS";
				PRODUCT_NAME = "$(TARGET_NAME)";
			};
			name = Debug;
		};
		B443A1B31D547F59003D66C5 /* Release */ = {
			isa = XCBuildConfiguration;
			buildSettings = {
				ASSETCATALOG_COMPILER_APPICON_NAME = AppIcon;
				INFOPLIST_FILE = "BWObjective-CStudy-iOS/Info.plist";
				IPHONEOS_DEPLOYMENT_TARGET = 7.0;
				LD_RUNPATH_SEARCH_PATHS = "$(inherited) @executable_path/Frameworks";
				PRODUCT_BUNDLE_IDENTIFIER = "com.bws.BWObjective-CStudy-iOS";
				PRODUCT_NAME = "$(TARGET_NAME)";
			};
			name = Release;
		};
		B443A1B51D547F59003D66C5 /* Debug */ = {
			isa = XCBuildConfiguration;
			buildSettings = {
				BUNDLE_LOADER = "$(TEST_HOST)";
				INFOPLIST_FILE = "BWObjective-CStudy-iOSTests/Info.plist";
				LD_RUNPATH_SEARCH_PATHS = "$(inherited) @executable_path/Frameworks @loader_path/Frameworks";
				PRODUCT_BUNDLE_IDENTIFIER = "com.bws.BWObjective-CStudy-iOSTests";
				PRODUCT_NAME = "$(TARGET_NAME)";
				TEST_HOST = "$(BUILT_PRODUCTS_DIR)/BWObjective-CStudy-iOS.app/BWObjective-CStudy-iOS";
			};
			name = Debug;
		};
		B443A1B61D547F59003D66C5 /* Release */ = {
			isa = XCBuildConfiguration;
			buildSettings = {
				BUNDLE_LOADER = "$(TEST_HOST)";
				INFOPLIST_FILE = "BWObjective-CStudy-iOSTests/Info.plist";
				LD_RUNPATH_SEARCH_PATHS = "$(inherited) @executable_path/Frameworks @loader_path/Frameworks";
				PRODUCT_BUNDLE_IDENTIFIER = "com.bws.BWObjective-CStudy-iOSTests";
				PRODUCT_NAME = "$(TARGET_NAME)";
				TEST_HOST = "$(BUILT_PRODUCTS_DIR)/BWObjective-CStudy-iOS.app/BWObjective-CStudy-iOS";
			};
			name = Release;
		};
		B443A1B81D547F59003D66C5 /* Debug */ = {
			isa = XCBuildConfiguration;
			buildSettings = {
				INFOPLIST_FILE = "BWObjective-CStudy-iOSUITests/Info.plist";
				LD_RUNPATH_SEARCH_PATHS = "$(inherited) @executable_path/Frameworks @loader_path/Frameworks";
				PRODUCT_BUNDLE_IDENTIFIER = "com.bws.BWObjective-CStudy-iOSUITests";
				PRODUCT_NAME = "$(TARGET_NAME)";
				TEST_TARGET_NAME = "BWObjective-CStudy-iOS";
			};
			name = Debug;
		};
		B443A1B91D547F59003D66C5 /* Release */ = {
			isa = XCBuildConfiguration;
			buildSettings = {
				INFOPLIST_FILE = "BWObjective-CStudy-iOSUITests/Info.plist";
				LD_RUNPATH_SEARCH_PATHS = "$(inherited) @executable_path/Frameworks @loader_path/Frameworks";
				PRODUCT_BUNDLE_IDENTIFIER = "com.bws.BWObjective-CStudy-iOSUITests";
				PRODUCT_NAME = "$(TARGET_NAME)";
				TEST_TARGET_NAME = "BWObjective-CStudy-iOS";
			};
			name = Release;
		};
/* End XCBuildConfiguration section */

/* Begin XCConfigurationList section */
		B443A17F1D547F59003D66C5 /* Build configuration list for PBXProject "BWObjective-CStudy-iOS" */ = {
			isa = XCConfigurationList;
			buildConfigurations = (
				B443A1AF1D547F59003D66C5 /* Debug */,
				B443A1B01D547F59003D66C5 /* Release */,
			);
			defaultConfigurationIsVisible = 0;
			defaultConfigurationName = Release;
		};
		B443A1B11D547F59003D66C5 /* Build configuration list for PBXNativeTarget "BWObjective-CStudy-iOS" */ = {
			isa = XCConfigurationList;
			buildConfigurations = (
				B443A1B21D547F59003D66C5 /* Debug */,
				B443A1B31D547F59003D66C5 /* Release */,
			);
			defaultConfigurationIsVisible = 0;
			defaultConfigurationName = Release;
		};
		B443A1B41D547F59003D66C5 /* Build configuration list for PBXNativeTarget "BWObjective-CStudy-iOSTests" */ = {
			isa = XCConfigurationList;
			buildConfigurations = (
				B443A1B51D547F59003D66C5 /* Debug */,
				B443A1B61D547F59003D66C5 /* Release */,
			);
			defaultConfigurationIsVisible = 0;
			defaultConfigurationName = Release;
		};
		B443A1B71D547F59003D66C5 /* Build configuration list for PBXNativeTarget "BWObjective-CStudy-iOSUITests" */ = {
			isa = XCConfigurationList;
			buildConfigurations = (
				B443A1B81D547F59003D66C5 /* Debug */,
				B443A1B91D547F59003D66C5 /* Release */,
			);
			defaultConfigurationIsVisible = 0;
			defaultConfigurationName = Release;
		};
/* End XCConfigurationList section */
	};
	rootObject = B443A17C1D547F59003D66C5 /* Project object */;
}
